
Microsoft Visual Studio Solution File, Format Version 11.00
# Visual Studio 2010
Project("{FAE04EC0-301F-11D3-BF4B-00C04F79EFBC}") = "NavMeshComponents", "NavMeshComponents.csproj", "{77155357-351c-1d92-0b78-667a971a1967}"
EndProject
Project("{FAE04EC0-301F-11D3-BF4B-00C04F79EFBC}") = "Assembly-CSharp", "Assembly-CSharp.csproj", "{4b059d2c-1ff9-b01b-a370-fbc208e59377}"
EndProject
Project("{FAE04EC0-301F-11D3-BF4B-00C04F79EFBC}") = "NavMeshComponentsEditor", "NavMeshComponentsEditor.csproj", "{f2d498e3-df41-a2d9-0dc0-00707f997c1d}"
EndProject
Global
	GlobalSection(SolutionConfigurationPlatforms) = preSolution
		Debug|Any CPU = Debug|Any CPU
	EndGlobalSection
	GlobalSection(ProjectConfigurationPlatforms) = postSolution
		{77155357-351c-1d92-0b78-667a971a1967}.Debug|Any CPU.ActiveCfg = Debug|Any CPU
		{77155357-351c-1d92-0b78-667a971a1967}.Debug|Any CPU.Build.0 = Debug|Any CPU
		{4b059d2c-1ff9-b01b-a370-fbc208e59377}.Debug|Any CPU.ActiveCfg = Debug|Any CPU
		{4b059d2c-1ff9-b01b-a370-fbc208e59377}.Debug|Any CPU.Build.0 = Debug|Any CPU
		{f2d498e3-df41-a2d9-0dc0-00707f997c1d}.Debug|Any CPU.ActiveCfg = Debug|Any CPU
		{f2d498e3-df41-a2d9-0dc0-00707f997c1d}.Debug|Any CPU.Build.0 = Debug|Any CPU
	EndGlobalSection
	GlobalSection(SolutionProperties) = preSolution
		HideSolutionNode = FALSE
	EndGlobalSection
EndGlobal
